Microsoft Visual Studio Solution File, Format Version 12.00
# Visual Studio Version 17
VisualStudioVersion = 17.0.31903.59
MinimumVisualStudioVersion = 10.0.40219.1
Project("{83473B67-C05A-44CE-9000-8ADDEA1AE92F}") = "Project_f322a8fe718e409d9cc1980cb4986da2_20250619080305303527", "Project_f322a8fe718e409d9cc1980cb4986da2_20250619080305303527.csproj", "{83473B67-C05A-44CE-9000-8ADDEA1AE92F}"
EndProject
Global
    GlobalSection(SolutionConfigurationPlatforms) = preSolution
        Debug|Any CPU = Debug|Any CPU
        Release|Any CPU = Release|Any CPU
    EndGlobalSection
    GlobalSection(ProjectConfigurationPlatforms) = postSolution
        {83473B67-C05A-44CE-9000-8ADDEA1AE92F}.Debug|Any CPU.ActiveCfg = Debug|Any CPU
        {83473B67-C05A-44CE-9000-8ADDEA1AE92F}.Debug|Any CPU.Build.0 = Debug|Any CPU
        {83473B67-C05A-44CE-9000-8ADDEA1AE92F}.Release|Any CPU.ActiveCfg = Release|Any CPU
        {83473B67-C05A-44CE-9000-8ADDEA1AE92F}.Release|Any CPU.Build.0 = Release|Any CPU
    EndGlobalSection
EndGlobal